// !$*UTF8*$!
{
	archiveVersion = 1;
	classes = {
	};
	objectVersion = 46;
	objects = {

/* Begin PBXBuildFile section */
		6DF4F6241C924D1500D6DA29 /* AppDelegate.swift in Sources */ = {isa = PBXBuildFile; fileRef = 6DF4F6231C924D1500D6DA29 /* AppDelegate.swift */; };
		6DF4F6261C924D1500D6DA29 /* ViewController.swift in Sources */ = {isa = PBXBuildFile; fileRef = 6DF4F6251C924D1500D6DA29 /* ViewController.swift */; };
		6DF4F6291C924D1500D6DA29 /* Main.storyboard in Resources */ = {isa = PBXBuildFile; fileRef = 6DF4F6271C924D1500D6DA29 /* Main.storyboard */; };
		6DF4F62B1C924D1500D6DA29 /* Assets.xcassets in Resources */ = {isa = PBXBuildFile; fileRef = 6DF4F62A1C924D1500D6DA29 /* Assets.xcassets */; };
		6DF4F62E1C924D1500D6DA29 /* LaunchScreen.storyboard in Resources */ = {isa = PBXBuildFile; fileRef = 6DF4F62C1C924D1500D6DA29 /* LaunchScreen.storyboard */; };
		6DF4F6391C924D1500D6DA29 /* LogoRevealStudyTests.swift in Sources */ = {isa = PBXBuildFile; fileRef = 6DF4F6381C924D1500D6DA29 /* LogoRevealStudyTests.swift */; };
		6DF4F6441C924D1500D6DA29 /* LogoRevealStudyUITests.swift in Sources */ = {isa = PBXBuildFile; fileRef = 6DF4F6431C924D1500D6DA29 /* LogoRevealStudyUITests.swift */; };
		6DF4F6521C924E3400D6DA29 /* SwiftLogoLayer.swift in Sources */ = {isa = PBXBuildFile; fileRef = 6DF4F6511C924E3400D6DA29 /* SwiftLogoLayer.swift */; };
		6DF4F6561C92500400D6DA29 /* RevealAnimator.swift in Sources */ = {isa = PBXBuildFile; fileRef = 6DF4F6551C92500400D6DA29 /* RevealAnimator.swift */; };
		6DF4F6581C92583C00D6DA29 /* DetailViewController.swift in Sources */ = {isa = PBXBuildFile; fileRef = 6DF4F6571C92583C00D6DA29 /* DetailViewController.swift */; };
/* End PBXBuildFile section */

/* Begin PBXContainerItemProxy section */
		6DF4F6351C924D1500D6DA29 /* PBXContainerItemProxy */ = {
			isa = PBXContainerItemProxy;
			containerPortal = 6DF4F6181C924D1500D6DA29 /* Project object */;
			proxyType = 1;
			remoteGlobalIDString = 6DF4F61F1C924D1500D6DA29;
			remoteInfo = LogoRevealStudy;
		};
		6DF4F6401C924D1500D6DA29 /* PBXContainerItemProxy */ = {
			isa = PBXContainerItemProxy;
			containerPortal = 6DF4F6181C924D1500D6DA29 /* Project object */;
			proxyType = 1;
			remoteGlobalIDString = 6DF4F61F1C924D1500D6DA29;
			remoteInfo = LogoRevealStudy;
		};
/* End PBXContainerItemProxy section */

/* Begin PBXFileReference section */
		6DF4F6201C924D1500D6DA29 /* LogoRevealStudy.app */ = {isa = PBXFileReference; explicitFileType = wrapper.application; includeInIndex = 0; path = LogoRevealStudy.app; sourceTree = BUILT_PRODUCTS_DIR; };
		6DF4F6231C924D1500D6DA29 /* AppDelegate.swift */ = {isa = PBXFileReference; lastKnownFileType = sourcecode.swift; path = AppDelegate.swift; sourceTree = "<group>"; };
		6DF4F6251C924D1500D6DA29 /* ViewController.swift */ = {isa = PBXFileReference; lastKnownFileType = sourcecode.swift; path = ViewController.swift; sourceTree = "<group>"; };
		6DF4F6281C924D1500D6DA29 /* Base */ = {isa = PBXFileReference; lastKnownFileType = file.storyboard; name = Base; path = Base.lproj/Main.storyboard; sourceTree = "<group>"; };
		6DF4F62A1C924D1500D6DA29 /* Assets.xcassets */ = {isa = PBXFileReference; lastKnownFileType = folder.assetcatalog; path = Assets.xcassets; sourceTree = "<group>"; };
		6DF4F62D1C924D1500D6DA29 /* Base */ = {isa = PBXFileReference; lastKnownFileType = file.storyboard; name = Base; path = Base.lproj/LaunchScreen.storyboard; sourceTree = "<group>"; };
		6DF4F62F1C924D1500D6DA29 /* Info.plist */ = {isa = PBXFileReference; lastKnownFileType = text.plist.xml; path = Info.plist; sourceTree = "<group>"; };
		6DF4F6341C924D1500D6DA29 /* LogoRevealStudyTests.xctest */ = {isa = PBXFileReference; explicitFileType = wrapper.cfbundle; includeInIndex = 0; path = LogoRevealStudyTests.xctest; sourceTree = BUILT_PRODUCTS_DIR; };
		6DF4F6381C924D1500D6DA29 /* LogoRevealStudyTests.swift */ = {isa = PBXFileReference; lastKnownFileType = sourcecode.swift; path = LogoRevealStudyTests.swift; sourceTree = "<group>"; };
		6DF4F63A1C924D1500D6DA29 /* Info.plist */ = {isa = PBXFileReference; lastKnownFileType = text.plist.xml; path = Info.plist; sourceTree = "<group>"; };
		6DF4F63F1C924D1500D6DA29 /* LogoRevealStudyUITests.xctest */ = {isa = PBXFileReference; explicitFileType = wrapper.cfbundle; includeInIndex = 0; path = LogoRevealStudyUITests.xctest; sourceTree = BUILT_PRODUCTS_DIR; };
		6DF4F6431C924D1500D6DA29 /* LogoRevealStudyUITests.swift */ = {isa = PBXFileReference; lastKnownFileType = sourcecode.swift; path = LogoRevealStudyUITests.swift; sourceTree = "<group>"; };
		6DF4F6451C924D1500D6DA29 /* Info.plist */ = {isa = PBXFileReference; lastKnownFileType = text.plist.xml; path = Info.plist; sourceTree = "<group>"; };
		6DF4F6511C924E3400D6DA29 /* SwiftLogoLayer.swift */ = {isa = PBXFileReference; fileEncoding = 4; lastKnownFileType = sourcecode.swift; path = SwiftLogoLayer.swift; sourceTree = "<group>"; };
		6DF4F6551C92500400D6DA29 /* RevealAnimator.swift */ = {isa = PBXFileReference; fileEncoding = 4; lastKnownFileType = sourcecode.swift; path = RevealAnimator.swift; sourceTree = "<group>"; };
		6DF4F6571C92583C00D6DA29 /* DetailViewController.swift */ = {isa = PBXFileReference; fileEncoding = 4; lastKnownFileType = sourcecode.swift; path = DetailViewController.swift; sourceTree = "<group>"; };
/* End PBXFileReference section */

/* Begin PBXFrameworksBuildPhase section */
		6DF4F61D1C924D1500D6DA29 /* Frameworks */ = {
			isa = PBXFrameworksBuildPhase;
			buildActionMask = 2147483647;
			files = (
			);
			runOnlyForDeploymentPostprocessing = 0;
		};
		6DF4F6311C924D1500D6DA29 /* Frameworks */ = {
			isa = PBXFrameworksBuildPhase;
			buildActionMask = 2147483647;
			files = (
			);
			runOnlyForDeploymentPostprocessing = 0;
		};
		6DF4F63C1C924D1500D6DA29 /* Frameworks */ = {
			isa = PBXFrameworksBuildPhase;
			buildActionMask = 2147483647;
			files = (
			);
			runOnlyForDeploymentPostprocessing = 0;
		};
/* End PBXFrameworksBuildPhase section */

/* Begin PBXGroup section */
		6DF4F6171C924D1500D6DA29 = {
			isa = PBXGroup;
			children = (
				6DF4F6221C924D1500D6DA29 /* LogoRevealStudy */,
				6DF4F6371C924D1500D6DA29 /* LogoRevealStudyTests */,
				6DF4F6421C924D1500D6DA29 /* LogoRevealStudyUITests */,
				6DF4F6211C924D1500D6DA29 /* Products */,
			);
			sourceTree = "<group>";
		};
		6DF4F6211C924D1500D6DA29 /* Products */ = {
			isa = PBXGroup;
			children = (
				6DF4F6201C924D1500D6DA29 /* LogoRevealStudy.app */,
				6DF4F6341C924D1500D6DA29 /* LogoRevealStudyTests.xctest */,
				6DF4F63F1C924D1500D6DA29 /* LogoRevealStudyUITests.xctest */,
			);
			name = Products;
			sourceTree = "<group>";
		};
		6DF4F6221C924D1500D6DA29 /* LogoRevealStudy */ = {
			isa = PBXGroup;
			children = (
				6DF4F6231C924D1500D6DA29 /* AppDelegate.swift */,
				6DF4F6511C924E3400D6DA29 /* SwiftLogoLayer.swift */,
				6DF4F6251C924D1500D6DA29 /* ViewController.swift */,
				6DF4F6571C92583C00D6DA29 /* DetailViewController.swift */,
				6DF4F6551C92500400D6DA29 /* RevealAnimator.swift */,
				6DF4F6271C924D1500D6DA29 /* Main.storyboard */,
				6DF4F62A1C924D1500D6DA29 /* Assets.xcassets */,
				6DF4F62C1C924D1500D6DA29 /* LaunchScreen.storyboard */,
				6DF4F62F1C924D1500D6DA29 /* Info.plist */,
			);
			path = LogoRevealStudy;
			sourceTree = "<group>";
		};
		6DF4F6371C924D1500D6DA29 /* LogoRevealStudyTests */ = {
			isa = PBXGroup;
			children = (
				6DF4F6381C924D1500D6DA29 /* LogoRevealStudyTests.swift */,
				6DF4F63A1C924D1500D6DA29 /* Info.plist */,
			);
			path = LogoRevealStudyTests;
			sourceTree = "<group>";
		};
		6DF4F6421C924D1500D6DA29 /* LogoRevealStudyUITests */ = {
			isa = PBXGroup;
			children = (
				6DF4F6431C924D1500D6DA29 /* LogoRevealStudyUITests.swift */,
				6DF4F6451C924D1500D6DA29 /* Info.plist */,
			);
			path = LogoRevealStudyUITests;
			sourceTree = "<group>";
		};
/* End PBXGroup section */

/* Begin PBXNativeTarget section */
		6DF4F61F1C924D1500D6DA29 /* LogoRevealStudy */ = {
			isa = PBXNativeTarget;
			buildConfigurationList = 6DF4F6481C924D1500D6DA29 /* Build configuration list for PBXNativeTarget "LogoRevealStudy" */;
			buildPhases = (
				6DF4F61C1C924D1500D6DA29 /* Sources */,
				6DF4F61D1C924D1500D6DA29 /* Frameworks */,
				6DF4F61E1C924D1500D6DA29 /* Resources */,
			);
			buildRules = (
			);
			dependencies = (
			);
			name = LogoRevealStudy;
			productName = LogoRevealStudy;
			productReference = 6DF4F6201C924D1500D6DA29 /* LogoRevealStudy.app */;
			productType = "com.apple.product-type.application";
		};
		6DF4F6331C924D1500D6DA29 /* LogoRevealStudyTests */ = {
			isa = PBXNativeTarget;
			buildConfigurationList = 6DF4F64B1C924D1500D6DA29 /* Build configuration list for PBXNativeTarget "LogoRevealStudyTests" */;
			buildPhases = (
				6DF4F6301C924D1500D6DA29 /* Sources */,
				6DF4F6311C924D1500D6DA29 /* Frameworks */,
				6DF4F6321C924D1500D6DA29 /* Resources */,
			);
			buildRules = (
			);
			dependencies = (
				6DF4F6361C924D1500D6DA29 /* PBXTargetDependency */,
			);
			name = LogoRevealStudyTests;
			productName = LogoRevealStudyTests;
			productReference = 6DF4F6341C924D1500D6DA29 /* LogoRevealStudyTests.xctest */;
			productType = "com.apple.product-type.bundle.unit-test";
		};
		6DF4F63E1C924D1500D6DA29 /* LogoRevealStudyUITests */ = {
			isa = PBXNativeTarget;
			buildConfigurationList = 6DF4F64E1C924D1500D6DA29 /* Build configuration list for PBXNativeTarget "LogoRevealStudyUITests" */;
			buildPhases = (
				6DF4F63B1C924D1500D6DA29 /* Sources */,
				6DF4F63C1C924D1500D6DA29 /* Frameworks */,
				6DF4F63D1C924D1500D6DA29 /* Resources */,
			);
			buildRules = (
			);
			dependencies = (
				6DF4F6411C924D1500D6DA29 /* PBXTargetDependency */,
			);
			name = LogoRevealStudyUITests;
			productName = LogoRevealStudyUITests;
			productReference = 6DF4F63F1C924D1500D6DA29 /* LogoRevealStudyUITests.xctest */;
			productType = "com.apple.product-type.bundle.ui-testing";
		};
/* End PBXNativeTarget section */

/* Begin PBXProject section */
		6DF4F6181C924D1500D6DA29 /* Project object */ = {
			isa = PBXProject;
			attributes = {
				LastSwiftUpdateCheck = 0720;
				LastUpgradeCheck = 0720;
				ORGANIZATIONNAME = caiqiujun;
				TargetAttributes = {
					6DF4F61F1C924D1500D6DA29 = {
						CreatedOnToolsVersion = 7.2.1;
						DevelopmentTeam = X526TPT6FS;
					};
					6DF4F6331C924D1500D6DA29 = {
						CreatedOnToolsVersion = 7.2.1;
						DevelopmentTeam = X526TPT6FS;
						TestTargetID = 6DF4F61F1C924D1500D6DA29;
					};
					6DF4F63E1C924D1500D6DA29 = {
						CreatedOnToolsVersion = 7.2.1;
						DevelopmentTeam = X526TPT6FS;
						TestTargetID = 6DF4F61F1C924D1500D6DA29;
					};
				};
			};
			buildConfigurationList = 6DF4F61B1C924D1500D6DA29 /* Build configuration list for PBXProject "LogoRevealStudy" */;
			compatibilityVersion = "Xcode 3.2";
			developmentRegion = English;
			hasScannedForEncodings = 0;
			knownRegions = (
				en,
				Base,
			);
			mainGroup = 6DF4F6171C924D1500D6DA29;
			productRefGroup = 6DF4F6211C924D1500D6DA29 /* Products */;
			projectDirPath = "";
			projectRoot = "";
			targets = (
				6DF4F61F1C924D1500D6DA29 /* LogoRevealStudy */,
				6DF4F6331C924D1500D6DA29 /* LogoRevealStudyTests */,
				6DF4F63E1C924D1500D6DA29 /* LogoRevealStudyUITests */,
			);
		};
/* End PBXProject section */

/* Begin PBXResourcesBuildPhase section */
		6DF4F61E1C924D1500D6DA29 /* Resources */ = {
			isa = PBXResourcesBuildPhase;
			buildActionMask = 2147483647;
			files = (
				6DF4F62E1C924D1500D6DA29 /* LaunchScreen.storyboard in Resources */,
				6DF4F62B1C924D1500D6DA29 /* Assets.xcassets in Resources */,
				6DF4F6291C924D1500D6DA29 /* Main.storyboard in Resources */,
			);
			runOnlyForDeploymentPostprocessing = 0;
		};
		6DF4F6321C924D1500D6DA29 /* Resources */ = {
			isa = PBXResourcesBuildPhase;
			buildActionMask = 2147483647;
			files = (
			);
			runOnlyForDeploymentPostprocessing = 0;
		};
		6DF4F63D1C924D1500D6DA29 /* Resources */ = {
			isa = PBXResourcesBuildPhase;
			buildActionMask = 2147483647;
			files = (
			);
			runOnlyForDeploymentPostprocessing = 0;
		};
/* End PBXResourcesBuildPhase section */

/* Begin PBXSourcesBuildPhase section */
		6DF4F61C1C924D1500D6DA29 /* Sources */ = {
			isa = PBXSourcesBuildPhase;
			buildActionMask = 2147483647;
			files = (
				6DF4F6521C924E3400D6DA29 /* SwiftLogoLayer.swift in Sources */,
				6DF4F6561C92500400D6DA29 /* RevealAnimator.swift in Sources */,
				6DF4F6581C92583C00D6DA29 /* DetailViewController.swift in Sources */,
				6DF4F6261C924D1500D6DA29 /* ViewController.swift in Sources */,
				6DF4F6241C924D1500D6DA29 /* AppDelegate.swift in Sources */,
			);
			runOnlyForDeploymentPostprocessing = 0;
		};
		6DF4F6301C924D1500D6DA29 /* Sources */ = {
			isa = PBXSourcesBuildPhase;
			buildActionMask = 2147483647;
			files = (
				6DF4F6391C924D1500D6DA29 /* LogoRevealStudyTests.swift in Sources */,
			);
			runOnlyForDeploymentPostprocessing = 0;
		};
		6DF4F63B1C924D1500D6DA29 /* Sources */ = {
			isa = PBXSourcesBuildPhase;
			buildActionMask = 2147483647;
			files = (
				6DF4F6441C924D1500D6DA29 /* LogoRevealStudyUITests.swift in Sources */,
			);
			runOnlyForDeploymentPostprocessing = 0;
		};
/* End PBXSourcesBuildPhase section */

/* Begin PBXTargetDependency section */
		6DF4F6361C924D1500D6DA29 /* PBXTargetDependency */ = {
			isa = PBXTargetDependency;
			target = 6DF4F61F1C924D1500D6DA29 /* LogoRevealStudy */;
			targetProxy = 6DF4F6351C924D1500D6DA29 /* PBXContainerItemProxy */;
		};
		6DF4F6411C924D1500D6DA29 /* PBXTargetDependency */ = {
			isa = PBXTargetDependency;
			target = 6DF4F61F1C924D1500D6DA29 /* LogoRevealStudy */;
			targetProxy = 6DF4F6401C924D1500D6DA29 /* PBXContainerItemProxy */;
		};
/* End PBXTargetDependency section */

/* Begin PBXVariantGroup section */
		6DF4F6271C924D1500D6DA29 /* Main.storyboard */ = {
			isa = PBXVariantGroup;
			children = (
				6DF4F6281C924D1500D6DA29 /* Base */,
			);
			name = Main.storyboard;
			sourceTree = "<group>";
		};
		6DF4F62C1C924D1500D6DA29 /* LaunchScreen.storyboard */ = {
			isa = PBXVariantGroup;
			children = (
				6DF4F62D1C924D1500D6DA29 /* Base */,
			);
			name = LaunchScreen.storyboard;
			sourceTree = "<group>";
		};
/* End PBXVariantGroup section */

/* Begin XCBuildConfiguration section */
		6DF4F6461C924D1500D6DA29 /* Debug */ = {
			isa = XCBuildConfiguration;
			buildSettings = {
				ALWAYS_SEARCH_USER_PATHS = NO;
				CLANG_CXX_LANGUAGE_STANDARD = "gnu++0x";
				CLANG_CXX_LIBRARY = "libc++";
				CLANG_ENABLE_MODULES = YES;
				CLANG_ENABLE_OBJC_ARC = YES;
				CLANG_WARN_BOOL_CONVERSION = YES;
				CLANG_WARN_CONSTANT_CONVERSION = YES;
				CLANG_WARN_DIRECT_OBJC_ISA_USAGE = YES_ERROR;
				CLANG_WARN_EMPTY_BODY = YES;
				CLANG_WARN_ENUM_CONVERSION = YES;
				CLANG_WARN_INT_CONVERSION = YES;
				CLANG_WARN_OBJC_ROOT_CLASS = YES_ERROR;
				CLANG_WARN_UNREACHABLE_CODE = YES;
				CLANG_WARN__DUPLICATE_METHOD_MATCH = YES;
				"CODE_SIGN_IDENTITY[sdk=iphoneos*]" = "iPhone Developer";
				COPY_PHASE_STRIP = NO;
				DEBUG_INFORMATION_FORMAT = dwarf;
				ENABLE_STRICT_OBJC_MSGSEND = YES;
				ENABLE_TESTABILITY = YES;
				GCC_C_LANGUAGE_STANDARD = gnu99;
				GCC_DYNAMIC_NO_PIC = NO;
				GCC_NO_COMMON_BLOCKS = YES;
				GCC_OPTIMIZATION_LEVEL = 0;
				GCC_PREPROCESSOR_DEFINITIONS = (
					"DEBUG=1",
					"$(inherited)",
				);
				GCC_WARN_64_TO_32_BIT_CONVERSION = YES;
				GCC_WARN_ABOUT_RETURN_TYPE = YES_ERROR;
				GCC_WARN_UNDECLARED_SELECTOR = YES;
				GCC_WARN_UNINITIALIZED_AUTOS = YES_AGGRESSIVE;
				GCC_WARN_UNUSED_FUNCTION = YES;
				GCC_WARN_UNUSED_VARIABLE = YES;
				IPHONEOS_DEPLOYMENT_TARGET = 9.2;
				MTL_ENABLE_DEBUG_INFO = YES;
				ONLY_ACTIVE_ARCH = YES;
				SDKROOT = iphoneos;
				SWIFT_OPTIMIZATION_LEVEL = "-Onone";
			};
			name = Debug;
		};
		6DF4F6471C924D1500D6DA29 /* Release */ = {
			isa = XCBuildConfiguration;
			buildSettings = {
				ALWAYS_SEARCH_USER_PATHS = NO;
				CLANG_CXX_LANGUAGE_STANDARD = "gnu++0x";
				CLANG_CXX_LIBRARY = "libc++";
				CLANG_ENABLE_MODULES = YES;
				CLANG_ENABLE_OBJC_ARC = YES;
				CLANG_WARN_BOOL_CONVERSION = YES;
				CLANG_WARN_CONSTANT_CONVERSION = YES;
				CLANG_WARN_DIRECT_OBJC_ISA_USAGE = YES_ERROR;
				CLANG_WARN_EMPTY_BODY = YES;
				CLANG_WARN_ENUM_CONVERSION = YES;
				CLANG_WARN_INT_CONVERSION = YES;
				CLANG_WARN_OBJC_ROOT_CLASS = YES_ERROR;
				CLANG_WARN_UNREACHABLE_CODE = YES;
				CLANG_WARN__DUPLICATE_METHOD_MATCH = YES;
				"CODE_SIGN_IDENTITY[sdk=iphoneos*]" = "iPhone Developer";
				COPY_PHASE_STRIP = NO;
				DEBUG_INFORMATION_FORMAT = "dwarf-with-dsym";
				ENABLE_NS_ASSERTIONS = NO;
				ENABLE_STRICT_OBJC_MSGSEND = YES;
				GCC_C_LANGUAGE_STANDARD = gnu99;
				GCC_NO_COMMON_BLOCKS = YES;
				GCC_WARN_64_TO_32_BIT_CONVERSION = YES;
				GCC_WARN_ABOUT_RETURN_TYPE = YES_ERROR;
				GCC_WARN_UNDECLARED_SELECTOR = YES;
				GCC_WARN_UNINITIALIZED_AUTOS = YES_AGGRESSIVE;
				GCC_WARN_UNUSED_FUNCTION = YES;
				GCC_WARN_UNUSED_VARIABLE = YES;
				IPHONEOS_DEPLOYMENT_TARGET = 9.2;
				MTL_ENABLE_DEBUG_INFO = NO;
				SDKROOT = iphoneos;
				VALIDATE_PRODUCT = YES;
			};
			name = Release;
		};
		6DF4F6491C924D1500D6DA29 /* Debug */ = {
			isa = XCBuildConfiguration;
			buildSettings = {
				ASSETCATALOG_COMPILER_APPICON_NAME = AppIcon;
				INFOPLIST_FILE = LogoRevealStudy/Info.plist;
				LD_RUNPATH_SEARCH_PATHS = "$(inherited) @executable_path/Frameworks";
				PRODUCT_BUNDLE_IDENTIFIER = caiqiujun.LogoRevealStudy;
				PRODUCT_NAME = "$(TARGET_NAME)";
			};
			name = Debug;
		};
		6DF4F64A1C924D1500D6DA29 /* Release */ = {
			isa = XCBuildConfiguration;
			buildSettings = {
				ASSETCATALOG_COMPILER_APPICON_NAME = AppIcon;
				INFOPLIST_FILE = LogoRevealStudy/Info.plist;
				LD_RUNPATH_SEARCH_PATHS = "$(inherited) @executable_path/Frameworks";
				PRODUCT_BUNDLE_IDENTIFIER = caiqiujun.LogoRevealStudy;
				PRODUCT_NAME = "$(TARGET_NAME)";
			};
			name = Release;
		};
		6DF4F64C1C924D1500D6DA29 /* Debug */ = {
			isa = XCBuildConfiguration;
			buildSettings = {
				BUNDLE_LOADER = "$(TEST_HOST)";
				INFOPLIST_FILE = LogoRevealStudyTests/Info.plist;
				LD_RUNPATH_SEARCH_PATHS = "$(inherited) @executable_path/Frameworks @loader_path/Frameworks";
				PRODUCT_BUNDLE_IDENTIFIER = caiqiujun.LogoRevealStudyTests;
				PRODUCT_NAME = "$(TARGET_NAME)";
				TEST_HOST = "$(BUILT_PRODUCTS_DIR)/LogoRevealStudy.app/LogoRevealStudy";
			};
			name = Debug;
		};
		6DF4F64D1C924D1500D6DA29 /* Release */ = {
			isa = XCBuildConfiguration;
			buildSettings = {
				BUNDLE_LOADER = "$(TEST_HOST)";
				INFOPLIST_FILE = LogoRevealStudyTests/Info.plist;
				LD_RUNPATH_SEARCH_PATHS = "$(inherited) @executable_path/Frameworks @loader_path/Frameworks";
				PRODUCT_BUNDLE_IDENTIFIER = caiqiujun.LogoRevealStudyTests;
				PRODUCT_NAME = "$(TARGET_NAME)";
				TEST_HOST = "$(BUILT_PRODUCTS_DIR)/LogoRevealStudy.app/LogoRevealStudy";
			};
			name = Release;
		};
		6DF4F64F1C924D1500D6DA29 /* Debug */ = {
			isa = XCBuildConfiguration;
			buildSettings = {
				INFOPLIST_FILE = LogoRevealStudyUITests/Info.plist;
				LD_RUNPATH_SEARCH_PATHS = "$(inherited) @executable_path/Frameworks @loader_path/Frameworks";
				PRODUCT_BUNDLE_IDENTIFIER = caiqiujun.LogoRevealStudyUITests;
				PRODUCT_NAME = "$(TARGET_NAME)";
				TEST_TARGET_NAME = LogoRevealStudy;
				USES_XCTRUNNER = YES;
			};
			name = Debug;
		};
		6DF4F6501C924D1500D6DA29 /* Release */ = {
			isa = XCBuildConfiguration;
			buildSettings = {
				INFOPLIST_FILE = LogoRevealStudyUITests/Info.plist;
				LD_RUNPATH_SEARCH_PATHS = "$(inherited) @executable_path/Frameworks @loader_path/Frameworks";
				PRODUCT_BUNDLE_IDENTIFIER = caiqiujun.LogoRevealStudyUITests;
				PRODUCT_NAME = "$(TARGET_NAME)";
				TEST_TARGET_NAME = LogoRevealStudy;
				USES_XCTRUNNER = YES;
			};
			name = Release;
		};
/* End XCBuildConfiguration section */

/* Begin XCConfigurationList section */
		6DF4F61B1C924D1500D6DA29 /* Build configuration list for PBXProject "LogoRevealStudy" */ = {
			isa = XCConfigurationList;
			buildConfigurations = (
				6DF4F6461C924D1500D6DA29 /* Debug */,
				6DF4F6471C924D1500D6DA29 /* Release */,
			);
			defaultConfigurationIsVisible = 0;
			defaultConfigurationName = Release;
		};
		6DF4F6481C924D1500D6DA29 /* Build configuration list for PBXNativeTarget "LogoRevealStudy" */ = {
			isa = XCConfigurationList;
			buildConfigurations = (
				6DF4F6491C924D1500D6DA29 /* Debug */,
				6DF4F64A1C924D1500D6DA29 /* Release */,
			);
			defaultConfigurationIsVisible = 0;
		};
		6DF4F64B1C924D1500D6DA29 /* Build configuration list for PBXNativeTarget "LogoRevealStudyTests" */ = {
			isa = XCConfigurationList;
			buildConfigurations = (
				6DF4F64C1C924D1500D6DA29 /* Debug */,
				6DF4F64D1C924D1500D6DA29 /* Release */,
			);
			defaultConfigurationIsVisible = 0;
		};
		6DF4F64E1C924D1500D6DA29 /* Build configuration list for PBXNativeTarget "LogoRevealStudyUITests" */ = {
			isa = XCConfigurationList;
			buildConfigurations = (
				6DF4F64F1C924D1500D6DA29 /* Debug */,
				6DF4F6501C924D1500D6DA29 /* Release */,
			);
			defaultConfigurationIsVisible = 0;
		};
/* End XCConfigurationList section */
	};
	rootObject = 6DF4F6181C924D1500D6DA29 /* Project object */;
}
